// !$*UTF8*$!
{
	archiveVersion = 1;
	classes = {
	};
	objectVersion = 56;
	objects = {

/* Begin PBXBuildFile section */
		348AD91E2C1BB13D0010A316 /* AppDelegate.swift in Sources */ = {isa = PBXBuildFile; fileRef = 348AD91D2C1BB13D0010A316 /* AppDelegate.swift */; };
		348AD9202C1BB13D0010A316 /* SceneDelegate.swift in Sources */ = {isa = PBXBuildFile; fileRef = 348AD91F2C1BB13D0010A316 /* SceneDelegate.swift */; };
		348AD9222C1BB13D0010A316 /* LoginViewController.swift in Sources */ = {isa = PBXBuildFile; fileRef = 348AD9212C1BB13D0010A316 /* LoginViewController.swift */; };
		348AD9272C1BB13E0010A316 /* Assets.xcassets in Resources */ = {isa = PBXBuildFile; fileRef = 348AD9262C1BB13E0010A316 /* Assets.xcassets */; };
		348AD92A2C1BB13E0010A316 /* Base in Resources */ = {isa = PBXBuildFile; fileRef = 348AD9292C1BB13E0010A316 /* Base */; };
		348AD9342C1D47320010A316 /* LoginView.swift in Sources */ = {isa = PBXBuildFile; fileRef = 348AD9332C1D47320010A316 /* LoginView.swift */; };
		348AD9372C1D7A650010A316 /* OnboardingContainerViewController.swift in Sources */ = {isa = PBXBuildFile; fileRef = 348AD9362C1D7A650010A316 /* OnboardingContainerViewController.swift */; };
		348AD9392C1D7B630010A316 /* OnboardingViewController.swift in Sources */ = {isa = PBXBuildFile; fileRef = 348AD9382C1D7B630010A316 /* OnboardingViewController.swift */; };
		348AD93B2C1DC1E40010A316 /* DummyViewController.swift in Sources */ = {isa = PBXBuildFile; fileRef = 348AD93A2C1DC1E40010A316 /* DummyViewController.swift */; };
		348AD93E2C1DD31E0010A316 /* LocalState.swift in Sources */ = {isa = PBXBuildFile; fileRef = 348AD93D2C1DD31E0010A316 /* LocalState.swift */; };
		348AD9A02C1DF9150010A316 /* UIViewController+Util.swift in Sources */ = {isa = PBXBuildFile; fileRef = 348AD99F2C1DF9150010A316 /* UIViewController+Util.swift */; };
		348AD9A22C1DFAB30010A316 /* MainViewController.swift in Sources */ = {isa = PBXBuildFile; fileRef = 348AD9A12C1DFAB30010A316 /* MainViewController.swift */; };
		348AD9E52C1EBDDB0010A316 /* AccountSummaryViewController.swift in Sources */ = {isa = PBXBuildFile; fileRef = 348AD9E42C1EBDDB0010A316 /* AccountSummaryViewController.swift */; };
		348AD9E72C1EC5640010A316 /* AccountSummaryHeaderView.swift in Sources */ = {isa = PBXBuildFile; fileRef = 348AD9E62C1EC5640010A316 /* AccountSummaryHeaderView.swift */; };
		348AD9E92C1EC5A50010A316 /* AccountSummaryHeaderView.xib in Resources */ = {isa = PBXBuildFile; fileRef = 348AD9E82C1EC5A50010A316 /* AccountSummaryHeaderView.xib */; };
		348AD9ED2C22371C0010A316 /* AccountSummaryCell.swift in Sources */ = {isa = PBXBuildFile; fileRef = 348AD9EC2C22371C0010A316 /* AccountSummaryCell.swift */; };
		348AD9EF2C224F5A0010A316 /* DecimalUtils.swift in Sources */ = {isa = PBXBuildFile; fileRef = 348AD9EE2C224F5A0010A316 /* DecimalUtils.swift */; };
		348AD9F12C224FB60010A316 /* CurrencyFormatter.swift in Sources */ = {isa = PBXBuildFile; fileRef = 348AD9F02C224FB60010A316 /* CurrencyFormatter.swift */; };
		348ADA012C2385350010A316 /* CurrencyFormatterTests.swift in Sources */ = {isa = PBXBuildFile; fileRef = 348ADA002C2385350010A316 /* CurrencyFormatterTests.swift */; };
		348ADA032C24E47C0010A316 /* NSNotificationName.swift in Sources */ = {isa = PBXBuildFile; fileRef = 348ADA022C24E47C0010A316 /* NSNotificationName.swift */; };
		348ADA052C24E7A80010A316 /* UITextField+SecureToggle.swift in Sources */ = {isa = PBXBuildFile; fileRef = 348ADA042C24E7A80010A316 /* UITextField+SecureToggle.swift */; };
		348ADA082C2A29550010A316 /* ShakeyBellView.swift in Sources */ = {isa = PBXBuildFile; fileRef = 348ADA072C2A29550010A316 /* ShakeyBellView.swift */; };
		348ADA0D2C2CBDEB0010A316 /* Date+Utils.swift in Sources */ = {isa = PBXBuildFile; fileRef = 348ADA0C2C2CBDEB0010A316 /* Date+Utils.swift */; };
		348ADA0F2C2CBFEB0010A316 /* AccountSummaryViewController+Networking.swift in Sources */ = {isa = PBXBuildFile; fileRef = 348ADA0E2C2CBFEB0010A316 /* AccountSummaryViewController+Networking.swift */; };
		348ADA132C2CD1FC0010A316 /* ProfileTests.swift in Sources */ = {isa = PBXBuildFile; fileRef = 348ADA122C2CD1FC0010A316 /* ProfileTests.swift */; };
		348ADA172C2CD4CB0010A316 /* AccountTests.swift in Sources */ = {isa = PBXBuildFile; fileRef = 348ADA162C2CD4CB0010A316 /* AccountTests.swift */; };
/* End PBXBuildFile section */

/* Begin PBXContainerItemProxy section */
		348AD9FA2C2384150010A316 /* PBXContainerItemProxy */ = {
			isa = PBXContainerItemProxy;
			containerPortal = 348AD9122C1BB13D0010A316 /* Project object */;
			proxyType = 1;
			remoteGlobalIDString = 348AD9192C1BB13D0010A316;
			remoteInfo = Bankey;
		};
/* End PBXContainerItemProxy section */

/* Begin PBXFileReference section */
		348AD91A2C1BB13D0010A316 /* Bankey.app */ = {isa = PBXFileReference; explicitFileType = wrapper.application; includeInIndex = 0; path = Bankey.app; sourceTree = BUILT_PRODUCTS_DIR; };
		348AD91D2C1BB13D0010A316 /* AppDelegate.swift */ = {isa = PBXFileReference; lastKnownFileType = sourcecode.swift; path = AppDelegate.swift; sourceTree = "<group>"; };
		348AD91F2C1BB13D0010A316 /* SceneDelegate.swift */ = {isa = PBXFileReference; lastKnownFileType = sourcecode.swift; path = SceneDelegate.swift; sourceTree = "<group>"; };
		348AD9212C1BB13D0010A316 /* LoginViewController.swift */ = {isa = PBXFileReference; lastKnownFileType = sourcecode.swift; path = LoginViewController.swift; sourceTree = "<group>"; };
		348AD9262C1BB13E0010A316 /* Assets.xcassets */ = {isa = PBXFileReference; lastKnownFileType = folder.assetcatalog; path = Assets.xcassets; sourceTree = "<group>"; };
		348AD9292C1BB13E0010A316 /* Base */ = {isa = PBXFileReference; lastKnownFileType = file.storyboard; name = Base; path = Base.lproj/LaunchScreen.storyboard; sourceTree = "<group>"; };
		348AD92B2C1BB13E0010A316 /* Info.plist */ = {isa = PBXFileReference; lastKnownFileType = text.plist.xml; path = Info.plist; sourceTree = "<group>"; };
		348AD9332C1D47320010A316 /* LoginView.swift */ = {isa = PBXFileReference; lastKnownFileType = sourcecode.swift; path = LoginView.swift; sourceTree = "<group>"; };
		348AD9362C1D7A650010A316 /* OnboardingContainerViewController.swift */ = {isa = PBXFileReference; lastKnownFileType = sourcecode.swift; path = OnboardingContainerViewController.swift; sourceTree = "<group>"; };
		348AD9382C1D7B630010A316 /* OnboardingViewController.swift */ = {isa = PBXFileReference; lastKnownFileType = sourcecode.swift; path = OnboardingViewController.swift; sourceTree = "<group>"; };
		348AD93A2C1DC1E40010A316 /* DummyViewController.swift */ = {isa = PBXFileReference; lastKnownFileType = sourcecode.swift; path = DummyViewController.swift; sourceTree = "<group>"; };
		348AD93D2C1DD31E0010A316 /* LocalState.swift */ = {isa = PBXFileReference; lastKnownFileType = sourcecode.swift; path = LocalState.swift; sourceTree = "<group>"; };
		348AD99F2C1DF9150010A316 /* UIViewController+Util.swift */ = {isa = PBXFileReference; lastKnownFileType = sourcecode.swift; path = "UIViewController+Util.swift"; sourceTree = "<group>"; };
		348AD9A12C1DFAB30010A316 /* MainViewController.swift */ = {isa = PBXFileReference; lastKnownFileType = sourcecode.swift; path = MainViewController.swift; sourceTree = "<group>"; };
		348AD9E42C1EBDDB0010A316 /* AccountSummaryViewController.swift */ = {isa = PBXFileReference; lastKnownFileType = sourcecode.swift; path = AccountSummaryViewController.swift; sourceTree = "<group>"; };
		348AD9E62C1EC5640010A316 /* AccountSummaryHeaderView.swift */ = {isa = PBXFileReference; lastKnownFileType = sourcecode.swift; path = AccountSummaryHeaderView.swift; sourceTree = "<group>"; };
		348AD9E82C1EC5A50010A316 /* AccountSummaryHeaderView.xib */ = {isa = PBXFileReference; lastKnownFileType = file.xib; path = AccountSummaryHeaderView.xib; sourceTree = "<group>"; };
		348AD9EC2C22371C0010A316 /* AccountSummaryCell.swift */ = {isa = PBXFileReference; lastKnownFileType = sourcecode.swift; path = AccountSummaryCell.swift; sourceTree = "<group>"; };
		348AD9EE2C224F5A0010A316 /* DecimalUtils.swift */ = {isa = PBXFileReference; lastKnownFileType = sourcecode.swift; path = DecimalUtils.swift; sourceTree = "<group>"; };
		348AD9F02C224FB60010A316 /* CurrencyFormatter.swift */ = {isa = PBXFileReference; lastKnownFileType = sourcecode.swift; path = CurrencyFormatter.swift; sourceTree = "<group>"; };
		348AD9F62C2384150010A316 /* BankeyUnitTests.xctest */ = {isa = PBXFileReference; explicitFileType = wrapper.cfbundle; includeInIndex = 0; path = BankeyUnitTests.xctest; sourceTree = BUILT_PRODUCTS_DIR; };
		348AD9FF2C2385350010A316 /* BankeyUnitTests-Bridging-Header.h */ = {isa = PBXFileReference; lastKnownFileType = sourcecode.c.h; path = "BankeyUnitTests-Bridging-Header.h"; sourceTree = "<group>"; };
		348ADA002C2385350010A316 /* CurrencyFormatterTests.swift */ = {isa = PBXFileReference; lastKnownFileType = sourcecode.swift; path = CurrencyFormatterTests.swift; sourceTree = "<group>"; };
		348ADA022C24E47C0010A316 /* NSNotificationName.swift */ = {isa = PBXFileReference; lastKnownFileType = sourcecode.swift; path = NSNotificationName.swift; sourceTree = "<group>"; };
		348ADA042C24E7A80010A316 /* UITextField+SecureToggle.swift */ = {isa = PBXFileReference; lastKnownFileType = sourcecode.swift; path = "UITextField+SecureToggle.swift"; sourceTree = "<group>"; };
		348ADA072C2A29550010A316 /* ShakeyBellView.swift */ = {isa = PBXFileReference; lastKnownFileType = sourcecode.swift; path = ShakeyBellView.swift; sourceTree = "<group>"; };
		348ADA0A2C2A3ED50010A316 /* Profile-Networking.playground */ = {isa = PBXFileReference; lastKnownFileType = file.playground; path = "Profile-Networking.playground"; sourceTree = "<group>"; xcLanguageSpecificationIdentifier = xcode.lang.swift; };
		348ADA0B2C2B7D070010A316 /* Account-Challenge.playground */ = {isa = PBXFileReference; lastKnownFileType = file.playground; path = "Account-Challenge.playground"; sourceTree = "<group>"; xcLanguageSpecificationIdentifier = xcode.lang.swift; };
		348ADA0C2C2CBDEB0010A316 /* Date+Utils.swift */ = {isa = PBXFileReference; lastKnownFileType = sourcecode.swift; path = "Date+Utils.swift"; sourceTree = "<group>"; };
		348ADA0E2C2CBFEB0010A316 /* AccountSummaryViewController+Networking.swift */ = {isa = PBXFileReference; lastKnownFileType = sourcecode.swift; path = "AccountSummaryViewController+Networking.swift"; sourceTree = "<group>"; };
		348ADA122C2CD1FC0010A316 /* ProfileTests.swift */ = {isa = PBXFileReference; lastKnownFileType = sourcecode.swift; path = ProfileTests.swift; sourceTree = "<group>"; };
		348ADA162C2CD4CB0010A316 /* AccountTests.swift */ = {isa = PBXFileReference; lastKnownFileType = sourcecode.swift; path = AccountTests.swift; sourceTree = "<group>"; };
/* End PBXFileReference section */

/* Begin PBXFrameworksBuildPhase section */
		348AD9172C1BB13D0010A316 /* Frameworks */ = {
			isa = PBXFrameworksBuildPhase;
			buildActionMask = 2147483647;
			files = (
			);
			runOnlyForDeploymentPostprocessing = 0;
		};
		348AD9F32C2384150010A316 /* Frameworks */ = {
			isa = PBXFrameworksBuildPhase;
			buildActionMask = 2147483647;
			files = (
			);
			runOnlyForDeploymentPostprocessing = 0;
		};
/* End PBXFrameworksBuildPhase section */

/* Begin PBXGroup section */
		348AD9112C1BB13D0010A316 = {
			isa = PBXGroup;
			children = (
				348AD91C2C1BB13D0010A316 /* Bankey */,
				348AD9F72C2384150010A316 /* BankeyUnitTests */,
				348AD91B2C1BB13D0010A316 /* Products */,
			);
			sourceTree = "<group>";
		};
		348AD91B2C1BB13D0010A316 /* Products */ = {
			isa = PBXGroup;
			children = (
				348AD91A2C1BB13D0010A316 /* Bankey.app */,
				348AD9F62C2384150010A316 /* BankeyUnitTests.xctest */,
			);
			name = Products;
			sourceTree = "<group>";
		};
		348AD91C2C1BB13D0010A316 /* Bankey */ = {
			isa = PBXGroup;
			children = (
				348AD91D2C1BB13D0010A316 /* AppDelegate.swift */,
				348AD91F2C1BB13D0010A316 /* SceneDelegate.swift */,
				348AD9A12C1DFAB30010A316 /* MainViewController.swift */,
				348AD9E32C1EBDBD0010A316 /* AccountSummary */,
				348AD93C2C1DD2FE0010A316 /* Utils */,
				348AD9312C1D46BE0010A316 /* Files */,
				348AD9322C1D46E30010A316 /* Login */,
				348AD9352C1D7A190010A316 /* Onboarding */,
				348ADA062C2A291F0010A316 /* Components */,
				348ADA092C2A3EAA0010A316 /* Playgrounds */,
			);
			path = Bankey;
			sourceTree = "<group>";
		};
		348AD9312C1D46BE0010A316 /* Files */ = {
			isa = PBXGroup;
			children = (
				348AD9262C1BB13E0010A316 /* Assets.xcassets */,
				348AD9282C1BB13E0010A316 /* LaunchScreen.storyboard */,
				348AD92B2C1BB13E0010A316 /* Info.plist */,
			);
			name = Files;
			sourceTree = "<group>";
		};
		348AD9322C1D46E30010A316 /* Login */ = {
			isa = PBXGroup;
			children = (
				348AD9212C1BB13D0010A316 /* LoginViewController.swift */,
				348AD9332C1D47320010A316 /* LoginView.swift */,
				348AD93A2C1DC1E40010A316 /* DummyViewController.swift */,
			);
			name = Login;
			sourceTree = "<group>";
		};
		348AD9352C1D7A190010A316 /* Onboarding */ = {
			isa = PBXGroup;
			children = (
				348AD9362C1D7A650010A316 /* OnboardingContainerViewController.swift */,
				348AD9382C1D7B630010A316 /* OnboardingViewController.swift */,
			);
			name = Onboarding;
			sourceTree = "<group>";
		};
		348AD93C2C1DD2FE0010A316 /* Utils */ = {
			isa = PBXGroup;
			children = (
				348AD93D2C1DD31E0010A316 /* LocalState.swift */,
				348AD99F2C1DF9150010A316 /* UIViewController+Util.swift */,
				348AD9EE2C224F5A0010A316 /* DecimalUtils.swift */,
				348AD9F02C224FB60010A316 /* CurrencyFormatter.swift */,
				348ADA022C24E47C0010A316 /* NSNotificationName.swift */,
				348ADA042C24E7A80010A316 /* UITextField+SecureToggle.swift */,
				348ADA0C2C2CBDEB0010A316 /* Date+Utils.swift */,
			);
			name = Utils;
			sourceTree = "<group>";
		};
		348AD9E32C1EBDBD0010A316 /* AccountSummary */ = {
			isa = PBXGroup;
			children = (
				348AD9EA2C2236D70010A316 /* Header */,
				348AD9EB2C2236F60010A316 /* Cells */,
				348AD9E42C1EBDDB0010A316 /* AccountSummaryViewController.swift */,
				348ADA0E2C2CBFEB0010A316 /* AccountSummaryViewController+Networking.swift */,
			);
			name = AccountSummary;
			sourceTree = "<group>";
		};
		348AD9EA2C2236D70010A316 /* Header */ = {
			isa = PBXGroup;
			children = (
				348AD9E62C1EC5640010A316 /* AccountSummaryHeaderView.swift */,
				348AD9E82C1EC5A50010A316 /* AccountSummaryHeaderView.xib */,
			);
			name = Header;
			sourceTree = "<group>";
		};
		348AD9EB2C2236F60010A316 /* Cells */ = {
			isa = PBXGroup;
			children = (
				348AD9EC2C22371C0010A316 /* AccountSummaryCell.swift */,
			);
			name = Cells;
			sourceTree = "<group>";
		};
		348AD9F72C2384150010A316 /* BankeyUnitTests */ = {
			isa = PBXGroup;
			children = (
				348AD9FF2C2385350010A316 /* BankeyUnitTests-Bridging-Header.h */,
				348ADA112C2CD1E10010A316 /* AccountSummary */,
				348ADA102C2CD1D20010A316 /* Utils */,
			);
			path = BankeyUnitTests;
			sourceTree = "<group>";
		};
		348ADA062C2A291F0010A316 /* Components */ = {
			isa = PBXGroup;
			children = (
				348ADA072C2A29550010A316 /* ShakeyBellView.swift */,
			);
			name = Components;
			sourceTree = "<group>";
		};
		348ADA092C2A3EAA0010A316 /* Playgrounds */ = {
			isa = PBXGroup;
			children = (
				348ADA0A2C2A3ED50010A316 /* Profile-Networking.playground */,
				348ADA0B2C2B7D070010A316 /* Account-Challenge.playground */,
			);
			name = Playgrounds;
			sourceTree = "<group>";
		};
		348ADA102C2CD1D20010A316 /* Utils */ = {
			isa = PBXGroup;
			children = (
				348ADA002C2385350010A316 /* CurrencyFormatterTests.swift */,
			);
			path = Utils;
			sourceTree = "<group>";
		};
		348ADA112C2CD1E10010A316 /* AccountSummary */ = {
			isa = PBXGroup;
			children = (
				348ADA122C2CD1FC0010A316 /* ProfileTests.swift */,
				348ADA162C2CD4CB0010A316 /* AccountTests.swift */,
			);
			path = AccountSummary;
			sourceTree = "<group>";
		};
/* End PBXGroup section */

/* Begin PBXNativeTarget section */
		348AD9192C1BB13D0010A316 /* Bankey */ = {
			isa = PBXNativeTarget;
			buildConfigurationList = 348AD92E2C1BB13E0010A316 /* Build configuration list for PBXNativeTarget "Bankey" */;
			buildPhases = (
				348AD9162C1BB13D0010A316 /* Sources */,
				348AD9172C1BB13D0010A316 /* Frameworks */,
				348AD9182C1BB13D0010A316 /* Resources */,
			);
			buildRules = (
			);
			dependencies = (
			);
			name = Bankey;
			productName = Bankey;
			productReference = 348AD91A2C1BB13D0010A316 /* Bankey.app */;
			productType = "com.apple.product-type.application";
		};
		348AD9F52C2384150010A316 /* BankeyUnitTests */ = {
			isa = PBXNativeTarget;
			buildConfigurationList = 348AD9FC2C2384150010A316 /* Build configuration list for PBXNativeTarget "BankeyUnitTests" */;
			buildPhases = (
				348AD9F22C2384150010A316 /* Sources */,
				348AD9F32C2384150010A316 /* Frameworks */,
				348AD9F42C2384150010A316 /* Resources */,
			);
			buildRules = (
			);
			dependencies = (
				348AD9FB2C2384150010A316 /* PBXTargetDependency */,
			);
			name = BankeyUnitTests;
			productName = BankeyUnitTests;
			productReference = 348AD9F62C2384150010A316 /* BankeyUnitTests.xctest */;
			productType = "com.apple.product-type.bundle.unit-test";
		};
/* End PBXNativeTarget section */

/* Begin PBXProject section */
		348AD9122C1BB13D0010A316 /* Project object */ = {
			isa = PBXProject;
			attributes = {
				BuildIndependentTargetsInParallel = 1;
				LastSwiftUpdateCheck = 1540;
				LastUpgradeCheck = 1540;
				TargetAttributes = {
					348AD9192C1BB13D0010A316 = {
						CreatedOnToolsVersion = 15.4;
					};
					348AD9F52C2384150010A316 = {
						CreatedOnToolsVersion = 15.4;
						LastSwiftMigration = 1540;
						TestTargetID = 348AD9192C1BB13D0010A316;
					};
				};
			};
			buildConfigurationList = 348AD9152C1BB13D0010A316 /* Build configuration list for PBXProject "Bankey" */;
			compatibilityVersion = "Xcode 14.0";
			developmentRegion = en;
			hasScannedForEncodings = 0;
			knownRegions = (
				en,
				Base,
			);
			mainGroup = 348AD9112C1BB13D0010A316;
			productRefGroup = 348AD91B2C1BB13D0010A316 /* Products */;
			projectDirPath = "";
			projectRoot = "";
			targets = (
				348AD9192C1BB13D0010A316 /* Bankey */,
				348AD9F52C2384150010A316 /* BankeyUnitTests */,
			);
		};
/* End PBXProject section */

/* Begin PBXResourcesBuildPhase section */
		348AD9182C1BB13D0010A316 /* Resources */ = {
			isa = PBXResourcesBuildPhase;
			buildActionMask = 2147483647;
			files = (
				348AD9E92C1EC5A50010A316 /* AccountSummaryHeaderView.xib in Resources */,
				348AD9272C1BB13E0010A316 /* Assets.xcassets in Resources */,
				348AD92A2C1BB13E0010A316 /* Base in Resources */,
			);
			runOnlyForDeploymentPostprocessing = 0;
		};
		348AD9F42C2384150010A316 /* Resources */ = {
			isa = PBXResourcesBuildPhase;
			buildActionMask = 2147483647;
			files = (
			);
			runOnlyForDeploymentPostprocessing = 0;
		};
/* End PBXResourcesBuildPhase section */

/* Begin PBXSourcesBuildPhase section */
		348AD9162C1BB13D0010A316 /* Sources */ = {
			isa = PBXSourcesBuildPhase;
			buildActionMask = 2147483647;
			files = (
				348AD9E72C1EC5640010A316 /* AccountSummaryHeaderView.swift in Sources */,
				348ADA0F2C2CBFEB0010A316 /* AccountSummaryViewController+Networking.swift in Sources */,
				348AD9ED2C22371C0010A316 /* AccountSummaryCell.swift in Sources */,
				348ADA082C2A29550010A316 /* ShakeyBellView.swift in Sources */,
				348AD93B2C1DC1E40010A316 /* DummyViewController.swift in Sources */,
				348AD9E52C1EBDDB0010A316 /* AccountSummaryViewController.swift in Sources */,
				348AD9F12C224FB60010A316 /* CurrencyFormatter.swift in Sources */,
				348AD9222C1BB13D0010A316 /* LoginViewController.swift in Sources */,
				348AD9392C1D7B630010A316 /* OnboardingViewController.swift in Sources */,
				348AD91E2C1BB13D0010A316 /* AppDelegate.swift in Sources */,
				348AD9EF2C224F5A0010A316 /* DecimalUtils.swift in Sources */,
				348AD9342C1D47320010A316 /* LoginView.swift in Sources */,
				348AD9372C1D7A650010A316 /* OnboardingContainerViewController.swift in Sources */,
				348ADA052C24E7A80010A316 /* UITextField+SecureToggle.swift in Sources */,
				348AD9A02C1DF9150010A316 /* UIViewController+Util.swift in Sources */,
				348ADA032C24E47C0010A316 /* NSNotificationName.swift in Sources */,
				348AD9202C1BB13D0010A316 /* SceneDelegate.swift in Sources */,
				348AD93E2C1DD31E0010A316 /* LocalState.swift in Sources */,
				348AD9A22C1DFAB30010A316 /* MainViewController.swift in Sources */,
				348ADA0D2C2CBDEB0010A316 /* Date+Utils.swift in Sources */,
			);
			runOnlyForDeploymentPostprocessing = 0;
		};
		348AD9F22C2384150010A316 /* Sources */ = {
			isa = PBXSourcesBuildPhase;
			buildActionMask = 2147483647;
			files = (
				348ADA012C2385350010A316 /* CurrencyFormatterTests.swift in Sources */,
				348ADA172C2CD4CB0010A316 /* AccountTests.swift in Sources */,
				348ADA132C2CD1FC0010A316 /* ProfileTests.swift in Sources */,
			);
			runOnlyForDeploymentPostprocessing = 0;
		};
/* End PBXSourcesBuildPhase section */

/* Begin PBXTargetDependency section */
		348AD9FB2C2384150010A316 /* PBXTargetDependency */ = {
			isa = PBXTargetDependency;
			target = 348AD9192C1BB13D0010A316 /* Bankey */;
			targetProxy = 348AD9FA2C2384150010A316 /* PBXContainerItemProxy */;
		};
/* End PBXTargetDependency section */

/* Begin PBXVariantGroup section */
		348AD9282C1BB13E0010A316 /* LaunchScreen.storyboard */ = {
			isa = PBXVariantGroup;
			children = (
				348AD9292C1BB13E0010A316 /* Base */,
			);
			name = LaunchScreen.storyboard;
			sourceTree = "<group>";
		};
/* End PBXVariantGroup section */

/* Begin XCBuildConfiguration section */
		348AD92C2C1BB13E0010A316 /* Debug */ = {
			isa = XCBuildConfiguration;
			buildSettings = {
				ALWAYS_SEARCH_USER_PATHS = NO;
				ASSETCATALOG_COMPILER_GENERATE_SWIFT_ASSET_SYMBOL_EXTENSIONS = YES;
				CLANG_ANALYZER_NONNULL = YES;
				CLANG_ANALYZER_NUMBER_OBJECT_CONVERSION = YES_AGGRESSIVE;
				CLANG_CXX_LANGUAGE_STANDARD = "gnu++20";
				CLANG_ENABLE_MODULES = YES;
				CLANG_ENABLE_OBJC_ARC = YES;
				CLANG_ENABLE_OBJC_WEAK = YES;
				CLANG_WARN_BLOCK_CAPTURE_AUTORELEASING = YES;
				CLANG_WARN_BOOL_CONVERSION = YES;
				CLANG_WARN_COMMA = YES;
				CLANG_WARN_CONSTANT_CONVERSION = YES;
				CLANG_WARN_DEPRECATED_OBJC_IMPLEMENTATIONS = YES;
				CLANG_WARN_DIRECT_OBJC_ISA_USAGE = YES_ERROR;
				CLANG_WARN_DOCUMENTATION_COMMENTS = YES;
				CLANG_WARN_EMPTY_BODY = YES;
				CLANG_WARN_ENUM_CONVERSION = YES;
				CLANG_WARN_INFINITE_RECURSION = YES;
				CLANG_WARN_INT_CONVERSION = YES;
				CLANG_WARN_NON_LITERAL_NULL_CONVERSION = YES;
				CLANG_WARN_OBJC_IMPLICIT_RETAIN_SELF = YES;
				CLANG_WARN_OBJC_LITERAL_CONVERSION = YES;
				CLANG_WARN_OBJC_ROOT_CLASS = YES_ERROR;
				CLANG_WARN_QUOTED_INCLUDE_IN_FRAMEWORK_HEADER = YES;
				CLANG_WARN_RANGE_LOOP_ANALYSIS = YES;
				CLANG_WARN_STRICT_PROTOTYPES = YES;
				CLANG_WARN_SUSPICIOUS_MOVE = YES;
				CLANG_WARN_UNGUARDED_AVAILABILITY = YES_AGGRESSIVE;
				CLANG_WARN_UNREACHABLE_CODE = YES;
				CLANG_WARN__DUPLICATE_METHOD_MATCH = YES;
				COPY_PHASE_STRIP = NO;
				DEBUG_INFORMATION_FORMAT = dwarf;
				ENABLE_STRICT_OBJC_MSGSEND = YES;
				ENABLE_TESTABILITY = YES;
				ENABLE_USER_SCRIPT_SANDBOXING = YES;
				GCC_C_LANGUAGE_STANDARD = gnu17;
				GCC_DYNAMIC_NO_PIC = NO;
				GCC_NO_COMMON_BLOCKS = YES;
				GCC_OPTIMIZATION_LEVEL = 0;
				GCC_PREPROCESSOR_DEFINITIONS = (
					"DEBUG=1",
					"$(inherited)",
				);
				GCC_WARN_64_TO_32_BIT_CONVERSION = YES;
				GCC_WARN_ABOUT_RETURN_TYPE = YES_ERROR;
				GCC_WARN_UNDECLARED_SELECTOR = YES;
				GCC_WARN_UNINITIALIZED_AUTOS = YES_AGGRESSIVE;
				GCC_WARN_UNUSED_FUNCTION = YES;
				GCC_WARN_UNUSED_VARIABLE = YES;
				IPHONEOS_DEPLOYMENT_TARGET = 17.5;
				LOCALIZATION_PREFERS_STRING_CATALOGS = YES;
				MTL_ENABLE_DEBUG_INFO = INCLUDE_SOURCE;
				MTL_FAST_MATH = YES;
				ONLY_ACTIVE_ARCH = YES;
				SDKROOT = iphoneos;
				SWIFT_ACTIVE_COMPILATION_CONDITIONS = "DEBUG $(inherited)";
				SWIFT_OPTIMIZATION_LEVEL = "-Onone";
			};
			name = Debug;
		};
		348AD92D2C1BB13E0010A316 /* Release */ = {
			isa = XCBuildConfiguration;
			buildSettings = {
				ALWAYS_SEARCH_USER_PATHS = NO;
				ASSETCATALOG_COMPILER_GENERATE_SWIFT_ASSET_SYMBOL_EXTENSIONS = YES;
				CLANG_ANALYZER_NONNULL = YES;
				CLANG_ANALYZER_NUMBER_OBJECT_CONVERSION = YES_AGGRESSIVE;
				CLANG_CXX_LANGUAGE_STANDARD = "gnu++20";
				CLANG_ENABLE_MODULES = YES;
				CLANG_ENABLE_OBJC_ARC = YES;
				CLANG_ENABLE_OBJC_WEAK = YES;
				CLANG_WARN_BLOCK_CAPTURE_AUTORELEASING = YES;
				CLANG_WARN_BOOL_CONVERSION = YES;
				CLANG_WARN_COMMA = YES;
				CLANG_WARN_CONSTANT_CONVERSION = YES;
				CLANG_WARN_DEPRECATED_OBJC_IMPLEMENTATIONS = YES;
				CLANG_WARN_DIRECT_OBJC_ISA_USAGE = YES_ERROR;
				CLANG_WARN_DOCUMENTATION_COMMENTS = YES;
				CLANG_WARN_EMPTY_BODY = YES;
				CLANG_WARN_ENUM_CONVERSION = YES;
				CLANG_WARN_INFINITE_RECURSION = YES;
				CLANG_WARN_INT_CONVERSION = YES;
				CLANG_WARN_NON_LITERAL_NULL_CONVERSION = YES;
				CLANG_WARN_OBJC_IMPLICIT_RETAIN_SELF = YES;
				CLANG_WARN_OBJC_LITERAL_CONVERSION = YES;
				CLANG_WARN_OBJC_ROOT_CLASS = YES_ERROR;
				CLANG_WARN_QUOTED_INCLUDE_IN_FRAMEWORK_HEADER = YES;
				CLANG_WARN_RANGE_LOOP_ANALYSIS = YES;
				CLANG_WARN_STRICT_PROTOTYPES = YES;
				CLANG_WARN_SUSPICIOUS_MOVE = YES;
				CLANG_WARN_UNGUARDED_AVAILABILITY = YES_AGGRESSIVE;
				CLANG_WARN_UNREACHABLE_CODE = YES;
				CLANG_WARN__DUPLICATE_METHOD_MATCH = YES;
				COPY_PHASE_STRIP = NO;
				DEBUG_INFORMATION_FORMAT = "dwarf-with-dsym";
				ENABLE_NS_ASSERTIONS = NO;
				ENABLE_STRICT_OBJC_MSGSEND = YES;
				ENABLE_USER_SCRIPT_SANDBOXING = YES;
				GCC_C_LANGUAGE_STANDARD = gnu17;
				GCC_NO_COMMON_BLOCKS = YES;
				GCC_WARN_64_TO_32_BIT_CONVERSION = YES;
				GCC_WARN_ABOUT_RETURN_TYPE = YES_ERROR;
				GCC_WARN_UNDECLARED_SELECTOR = YES;
				GCC_WARN_UNINITIALIZED_AUTOS = YES_AGGRESSIVE;
				GCC_WARN_UNUSED_FUNCTION = YES;
				GCC_WARN_UNUSED_VARIABLE = YES;
				IPHONEOS_DEPLOYMENT_TARGET = 17.5;
				LOCALIZATION_PREFERS_STRING_CATALOGS = YES;
				MTL_ENABLE_DEBUG_INFO = NO;
				MTL_FAST_MATH = YES;
				SDKROOT = iphoneos;
				SWIFT_COMPILATION_MODE = wholemodule;
				VALIDATE_PRODUCT = YES;
			};
			name = Release;
		};
		348AD92F2C1BB13E0010A316 /* Debug */ = {
			isa = XCBuildConfiguration;
			buildSettings = {
				ASSETCATALOG_COMPILER_APPICON_NAME = AppIcon;
				ASSETCATALOG_COMPILER_GLOBAL_ACCENT_COLOR_NAME = AccentColor;
				CODE_SIGN_STYLE = Automatic;
				CURRENT_PROJECT_VERSION = 1;
				DEVELOPMENT_TEAM = MW926W7WXX;
				GENERATE_INFOPLIST_FILE = YES;
				INFOPLIST_FILE = Bankey/Info.plist;
				INFOPLIST_KEY_UIApplicationSupportsIndirectInputEvents = YES;
				INFOPLIST_KEY_UILaunchStoryboardName = LaunchScreen;
				INFOPLIST_KEY_UISupportedInterfaceOrientations_iPad = "UIInterfaceOrientationPortrait UIInterfaceOrientationPortraitUpsideDown UIInterfaceOrientationLandscapeLeft UIInterfaceOrientationLandscapeRight";
				INFOPLIST_KEY_UISupportedInterfaceOrientations_iPhone = "UIInterfaceOrientationPortrait UIInterfaceOrientationLandscapeLeft UIInterfaceOrientationLandscapeRight";
				LD_RUNPATH_SEARCH_PATHS = (
					"$(inherited)",
					"@executable_path/Frameworks",
				);
				MARKETING_VERSION = 1.0;
				PRODUCT_BUNDLE_IDENTIFIER = com.riofujimon.Bankey;
				PRODUCT_NAME = "$(TARGET_NAME)";
				SWIFT_EMIT_LOC_STRINGS = YES;
				SWIFT_VERSION = 5.0;
				TARGETED_DEVICE_FAMILY = "1,2";
			};
			name = Debug;
		};
		348AD9302C1BB13E0010A316 /* Release */ = {
			isa = XCBuildConfiguration;
			buildSettings = {
				ASSETCATALOG_COMPILER_APPICON_NAME = AppIcon;
				ASSETCATALOG_COMPILER_GLOBAL_ACCENT_COLOR_NAME = AccentColor;
				CODE_SIGN_STYLE = Automatic;
				CURRENT_PROJECT_VERSION = 1;
				DEVELOPMENT_TEAM = MW926W7WXX;
				GENERATE_INFOPLIST_FILE = YES;
				INFOPLIST_FILE = Bankey/Info.plist;
				INFOPLIST_KEY_UIApplicationSupportsIndirectInputEvents = YES;
				INFOPLIST_KEY_UILaunchStoryboardName = LaunchScreen;
				INFOPLIST_KEY_UISupportedInterfaceOrientations_iPad = "UIInterfaceOrientationPortrait UIInterfaceOrientationPortraitUpsideDown UIInterfaceOrientationLandscapeLeft UIInterfaceOrientationLandscapeRight";
				INFOPLIST_KEY_UISupportedInterfaceOrientations_iPhone = "UIInterfaceOrientationPortrait UIInterfaceOrientationLandscapeLeft UIInterfaceOrientationLandscapeRight";
				LD_RUNPATH_SEARCH_PATHS = (
					"$(inherited)",
					"@executable_path/Frameworks",
				);
				MARKETING_VERSION = 1.0;
				PRODUCT_BUNDLE_IDENTIFIER = com.riofujimon.Bankey;
				PRODUCT_NAME = "$(TARGET_NAME)";
				SWIFT_EMIT_LOC_STRINGS = YES;
				SWIFT_VERSION = 5.0;
				TARGETED_DEVICE_FAMILY = "1,2";
			};
			name = Release;
		};
		348AD9FD2C2384150010A316 /* Debug */ = {
			isa = XCBuildConfiguration;
			buildSettings = {
				BUNDLE_LOADER = "$(TEST_HOST)";
				CLANG_ENABLE_MODULES = YES;
				CODE_SIGN_STYLE = Automatic;
				CURRENT_PROJECT_VERSION = 1;
				DEVELOPMENT_TEAM = MW926W7WXX;
				GENERATE_INFOPLIST_FILE = YES;
				MARKETING_VERSION = 1.0;
				PRODUCT_BUNDLE_IDENTIFIER = com.riofujimon.BankeyUnitTests;
				PRODUCT_NAME = "$(TARGET_NAME)";
				SWIFT_EMIT_LOC_STRINGS = NO;
				SWIFT_OBJC_BRIDGING_HEADER = "BankeyUnitTests/BankeyUnitTests-Bridging-Header.h";
				SWIFT_OPTIMIZATION_LEVEL = "-Onone";
				SWIFT_VERSION = 5.0;
				TARGETED_DEVICE_FAMILY = "1,2";
				TEST_HOST = "$(BUILT_PRODUCTS_DIR)/Bankey.app/$(BUNDLE_EXECUTABLE_FOLDER_PATH)/Bankey";
			};
			name = Debug;
		};
		348AD9FE2C2384150010A316 /* Release */ = {
			isa = XCBuildConfiguration;
			buildSettings = {
				BUNDLE_LOADER = "$(TEST_HOST)";
				CLANG_ENABLE_MODULES = YES;
				CODE_SIGN_STYLE = Automatic;
				CURRENT_PROJECT_VERSION = 1;
				DEVELOPMENT_TEAM = MW926W7WXX;
				GENERATE_INFOPLIST_FILE = YES;
				MARKETING_VERSION = 1.0;
				PRODUCT_BUNDLE_IDENTIFIER = com.riofujimon.BankeyUnitTests;
				PRODUCT_NAME = "$(TARGET_NAME)";
				SWIFT_EMIT_LOC_STRINGS = NO;
				SWIFT_OBJC_BRIDGING_HEADER = "BankeyUnitTests/BankeyUnitTests-Bridging-Header.h";
				SWIFT_VERSION = 5.0;
				TARGETED_DEVICE_FAMILY = "1,2";
				TEST_HOST = "$(BUILT_PRODUCTS_DIR)/Bankey.app/$(BUNDLE_EXECUTABLE_FOLDER_PATH)/Bankey";
			};
			name = Release;
		};
/* End XCBuildConfiguration section */

/* Begin XCConfigurationList section */
		348AD9152C1BB13D0010A316 /* Build configuration list for PBXProject "Bankey" */ = {
			isa = XCConfigurationList;
			buildConfigurations = (
				348AD92C2C1BB13E0010A316 /* Debug */,
				348AD92D2C1BB13E0010A316 /* Release */,
			);
			defaultConfigurationIsVisible = 0;
			defaultConfigurationName = Release;
		};
		348AD92E2C1BB13E0010A316 /* Build configuration list for PBXNativeTarget "Bankey" */ = {
			isa = XCConfigurationList;
			buildConfigurations = (
				348AD92F2C1BB13E0010A316 /* Debug */,
				348AD9302C1BB13E0010A316 /* Release */,
			);
			defaultConfigurationIsVisible = 0;
			defaultConfigurationName = Release;
		};
		348AD9FC2C2384150010A316 /* Build configuration list for PBXNativeTarget "BankeyUnitTests" */ = {
			isa = XCConfigurationList;
			buildConfigurations = (
				348AD9FD2C2384150010A316 /* Debug */,
				348AD9FE2C2384150010A316 /* Release */,
			);
			defaultConfigurationIsVisible = 0;
			defaultConfigurationName = Release;
		};
/* End XCConfigurationList section */
	};
	rootObject = 348AD9122C1BB13D0010A316 /* Project object */;
}
